
Microsoft Visual Studio Solution File, Format Version 12.00
# Visual Studio 14
VisualStudioVersion = 14.0.25420.1
MinimumVisualStudioVersion = 10.0.40219.1
Project("{FAE04EC0-301F-11D3-BF4B-00C04F79EFBC}") = "NRVI_LAB_6_Equality", "NRVI_LABS_4-6\NRVI_LAB_6_Equality.csproj", "{910276D5-21B5-4F42-8BD4-76CAE429FEE3}"
EndProject
Project("{FAE04EC0-301F-11D3-BF4B-00C04F79EFBC}") = "Tests", "Tests\Tests.csproj", "{8FB50E22-5101-42E0-BAC4-26C38BDE245F}"
EndProject
Global
	GlobalSection(SolutionConfigurationPlatforms) = preSolution
		Debug|Any CPU = Debug|Any CPU
		Release|Any CPU = Release|Any CPU
	EndGlobalSection
	GlobalSection(ProjectConfigurationPlatforms) = postSolution
		{910276D5-21B5-4F42-8BD4-76CAE429FEE3}.Debug|Any CPU.ActiveCfg = Debug|Any CPU
		{910276D5-21B5-4F42-8BD4-76CAE429FEE3}.Debug|Any CPU.Build.0 = Debug|Any CPU
		{910276D5-21B5-4F42-8BD4-76CAE429FEE3}.Release|Any CPU.ActiveCfg = Release|Any CPU
		{910276D5-21B5-4F42-8BD4-76CAE429FEE3}.Release|Any CPU.Build.0 = Release|Any CPU
		{8FB50E22-5101-42E0-BAC4-26C38BDE245F}.Debug|Any CPU.ActiveCfg = Debug|Any CPU
		{8FB50E22-5101-42E0-BAC4-26C38BDE245F}.Debug|Any CPU.Build.0 = Debug|Any CPU
		{8FB50E22-5101-42E0-BAC4-26C38BDE245F}.Release|Any CPU.ActiveCfg = Release|Any CPU
		{8FB50E22-5101-42E0-BAC4-26C38BDE245F}.Release|Any CPU.Build.0 = Release|Any CPU
	EndGlobalSection
	GlobalSection(SolutionProperties) = preSolution
		HideSolutionNode = FALSE
	EndGlobalSection
EndGlobal
